
Microsoft Visual Studio Solution File, Format Version 12.00
# Visual Studio 15
VisualStudioVersion = 15.0.27703.2026
MinimumVisualStudioVersion = 10.0.40219.1
Project("{FAE04EC0-301F-11D3-BF4B-00C04F79EFBC}") = "AllanNovalta.CSMViewGrade.Web", "AllanNovalta.CSMViewGrade.Web\AllanNovalta.CSMViewGrade.Web.csproj", "{79A24AB0-40B6-4A7F-BE95-14C6DD723DCA}"
EndProject
Global
	GlobalSection(SolutionConfigurationPlatforms) = preSolution
		Debug|Any CPU = Debug|Any CPU
		Release|Any CPU = Release|Any CPU
	EndGlobalSection
	GlobalSection(ProjectConfigurationPlatforms) = postSolution
		{79A24AB0-40B6-4A7F-BE95-14C6DD723DCA}.Debug|Any CPU.ActiveCfg = Debug|Any CPU
		{79A24AB0-40B6-4A7F-BE95-14C6DD723DCA}.Debug|Any CPU.Build.0 = Debug|Any CPU
		{79A24AB0-40B6-4A7F-BE95-14C6DD723DCA}.Release|Any CPU.ActiveCfg = Release|Any CPU
		{79A24AB0-40B6-4A7F-BE95-14C6DD723DCA}.Release|Any CPU.Build.0 = Release|Any CPU
	EndGlobalSection
	GlobalSection(SolutionProperties) = preSolution
		HideSolutionNode = FALSE
	EndGlobalSection
	GlobalSection(ExtensibilityGlobals) = postSolution
		SolutionGuid = {18F15B96-8F7D-4BF7-BEA2-5843C1B157FB}
	EndGlobalSection
EndGlobal
